
Microsoft Visual Studio Solution File, Format Version 12.00
# Visual Studio Version 16
VisualStudioVersion = 16.0.29806.167
MinimumVisualStudioVersion = 10.0.40219.1
Project("{FAE04EC0-301F-11D3-BF4B-00C04F79EFBC}") = "LibraryForGeometry", "LibraryForGeometry\LibraryForGeometry.csproj", "{2AA78637-3E83-4B34-9AA1-0D479975F5EB}"
EndProject
Project("{FAE04EC0-301F-11D3-BF4B-00C04F79EFBC}") = "View", "View\View.csproj", "{DB89DAB3-9CDB-4659-825B-045C491CC70E}"
EndProject
Global
	GlobalSection(SolutionConfigurationPlatforms) = preSolution
		Debug|Any CPU = Debug|Any CPU
		Release|Any CPU = Release|Any CPU
	EndGlobalSection
	GlobalSection(ProjectConfigurationPlatforms) = postSolution
		{2AA78637-3E83-4B34-9AA1-0D479975F5EB}.Debug|Any CPU.ActiveCfg = Debug|Any CPU
		{2AA78637-3E83-4B34-9AA1-0D479975F5EB}.Debug|Any CPU.Build.0 = Debug|Any CPU
		{2AA78637-3E83-4B34-9AA1-0D479975F5EB}.Release|Any CPU.ActiveCfg = Release|Any CPU
		{2AA78637-3E83-4B34-9AA1-0D479975F5EB}.Release|Any CPU.Build.0 = Release|Any CPU
		{DB89DAB3-9CDB-4659-825B-045C491CC70E}.Debug|Any CPU.ActiveCfg = Debug|Any CPU
		{DB89DAB3-9CDB-4659-825B-045C491CC70E}.Debug|Any CPU.Build.0 = Debug|Any CPU
		{DB89DAB3-9CDB-4659-825B-045C491CC70E}.Release|Any CPU.ActiveCfg = Release|Any CPU
		{DB89DAB3-9CDB-4659-825B-045C491CC70E}.Release|Any CPU.Build.0 = Release|Any CPU
	EndGlobalSection
	GlobalSection(SolutionProperties) = preSolution
		HideSolutionNode = FALSE
	EndGlobalSection
	GlobalSection(ExtensibilityGlobals) = postSolution
		SolutionGuid = {559A90E0-2FE2-4EBC-AD8D-41099938FD7C}
	EndGlobalSection
EndGlobal
